
Microsoft Visual Studio Solution File, Format Version 12.00
# Visual Studio Version 17
VisualStudioVersion = 17.3.32804.467
MinimumVisualStudioVersion = 10.0.40219.1
Project("{9A19103F-16F7-4668-BE54-9A1E7A4F7556}") = "Nootes", "Nootes\Nootes.csproj", "{A230482A-7583-41B0-B155-0739D1D055DC}"
EndProject
Global
	GlobalSection(SolutionConfigurationPlatforms) = preSolution
		Debug|Any CPU = Debug|Any CPU
		Release|Any CPU = Release|Any CPU
	EndGlobalSection
	GlobalSection(ProjectConfigurationPlatforms) = postSolution
		{A230482A-7583-41B0-B155-0739D1D055DC}.Debug|Any CPU.ActiveCfg = Debug|Any CPU
		{A230482A-7583-41B0-B155-0739D1D055DC}.Debug|Any CPU.Build.0 = Debug|Any CPU
		{A230482A-7583-41B0-B155-0739D1D055DC}.Release|Any CPU.ActiveCfg = Release|Any CPU
		{A230482A-7583-41B0-B155-0739D1D055DC}.Release|Any CPU.Build.0 = Release|Any CPU
	EndGlobalSection
	GlobalSection(SolutionProperties) = preSolution
		HideSolutionNode = FALSE
	EndGlobalSection
	GlobalSection(ExtensibilityGlobals) = postSolution
		SolutionGuid = {44AE11B8-A0BD-46C2-91F7-C6FD67E12FC1}
	EndGlobalSection
EndGlobal
